// !$*UTF8*$!
{
	archiveVersion = 1;
	classes = {
	};
	objectVersion = 56;
	objects = {

/* Begin PBXBuildFile section */
		BB4C137A2ADD96A50062CC4D /* SquarewaveBoardView.swift in Sources */ = {isa = PBXBuildFile; fileRef = BB4C13792ADD96A50062CC4D /* SquarewaveBoardView.swift */; };
		BB4C137C2ADD990E0062CC4D /* Localizable.xcstrings in Resources */ = {isa = PBXBuildFile; fileRef = BB4C137B2ADD990E0062CC4D /* Localizable.xcstrings */; };
		BB4C13802ADDA1BD0062CC4D /* Usermodel.swift in Sources */ = {isa = PBXBuildFile; fileRef = BB4C137F2ADDA1BD0062CC4D /* Usermodel.swift */; };
		BB4C13822ADDA1F00062CC4D /* SquarewaveextraView.swift in Sources */ = {isa = PBXBuildFile; fileRef = BB4C13812ADDA1F00062CC4D /* SquarewaveextraView.swift */; };
		BB4C13842ADDA2120062CC4D /* ServercircuitModels.swift in Sources */ = {isa = PBXBuildFile; fileRef = BB4C13832ADDA2120062CC4D /* ServercircuitModels.swift */; };
		BB4C13892ADDA25D0062CC4D /* SimulationSubView.swift in Sources */ = {isa = PBXBuildFile; fileRef = BB4C13882ADDA25D0062CC4D /* SimulationSubView.swift */; };
		BB4C138A2ADDA25D0062CC4D /* SimulationViewGestures.swift in Sources */ = {isa = PBXBuildFile; fileRef = BB4C13872ADDA25D0062CC4D /* SimulationViewGestures.swift */; };
		BB4C13912ADDA3920062CC4D /* ColorExtension.swift in Sources */ = {isa = PBXBuildFile; fileRef = BB4C13902ADDA3920062CC4D /* ColorExtension.swift */; };
		BB4C13932ADDA3F90062CC4D /* StringExtension.swift in Sources */ = {isa = PBXBuildFile; fileRef = BB4C13922ADDA3F90062CC4D /* StringExtension.swift */; };
		BB4C13952ADDA4A80062CC4D /* PhotoCacheManager.swift in Sources */ = {isa = PBXBuildFile; fileRef = BB4C13942ADDA4A80062CC4D /* PhotoCacheManager.swift */; };
		BB9B491B2AD67BA600FC780C /* RealityKitContent in Frameworks */ = {isa = PBXBuildFile; productRef = BB9B491A2AD67BA600FC780C /* RealityKitContent */; };
		BB9B491D2AD67BA600FC780C /* TestGlobeApp.swift in Sources */ = {isa = PBXBuildFile; fileRef = BB9B491C2AD67BA600FC780C /* TestGlobeApp.swift */; };
		BB9B491F2AD67BA600FC780C /* ContentView.swift in Sources */ = {isa = PBXBuildFile; fileRef = BB9B491E2AD67BA600FC780C /* ContentView.swift */; };
		BB9B49212AD67BA600FC780C /* ImmersiveView.swift in Sources */ = {isa = PBXBuildFile; fileRef = BB9B49202AD67BA600FC780C /* ImmersiveView.swift */; };
		BB9B49232AD67BA600FC780C /* ImageBasedLighting.skybox in Resources */ = {isa = PBXBuildFile; fileRef = BB9B49222AD67BA600FC780C /* ImageBasedLighting.skybox */; };
		BB9B49252AD67BA700FC780C /* Assets.xcassets in Resources */ = {isa = PBXBuildFile; fileRef = BB9B49242AD67BA700FC780C /* Assets.xcassets */; };
		BB9B49282AD67BA700FC780C /* Preview Assets.xcassets in Resources */ = {isa = PBXBuildFile; fileRef = BB9B49272AD67BA700FC780C /* Preview Assets.xcassets */; };
/* End PBXBuildFile section */

/* Begin PBXFileReference section */
		BB4C13792ADD96A50062CC4D /* SquarewaveBoardView.swift */ = {isa = PBXFileReference; lastKnownFileType = sourcecode.swift; path = SquarewaveBoardView.swift; sourceTree = "<group>"; };
		BB4C137B2ADD990E0062CC4D /* Localizable.xcstrings */ = {isa = PBXFileReference; lastKnownFileType = text.json.xcstrings; path = Localizable.xcstrings; sourceTree = "<group>"; };
		BB4C137F2ADDA1BD0062CC4D /* Usermodel.swift */ = {isa = PBXFileReference; fileEncoding = 4; lastKnownFileType = sourcecode.swift; path = Usermodel.swift; sourceTree = "<group>"; };
		BB4C13812ADDA1F00062CC4D /* SquarewaveextraView.swift */ = {isa = PBXFileReference; fileEncoding = 4; lastKnownFileType = sourcecode.swift; path = SquarewaveextraView.swift; sourceTree = "<group>"; };
		BB4C13832ADDA2120062CC4D /* ServercircuitModels.swift */ = {isa = PBXFileReference; fileEncoding = 4; lastKnownFileType = sourcecode.swift; path = ServercircuitModels.swift; sourceTree = "<group>"; };
		BB4C13872ADDA25D0062CC4D /* SimulationViewGestures.swift */ = {isa = PBXFileReference; lastKnownFileType = sourcecode.swift; path = SimulationViewGestures.swift; sourceTree = "<group>"; };
		BB4C13882ADDA25D0062CC4D /* SimulationSubView.swift */ = {isa = PBXFileReference; lastKnownFileType = sourcecode.swift; path = SimulationSubView.swift; sourceTree = "<group>"; };
		BB4C13902ADDA3920062CC4D /* ColorExtension.swift */ = {isa = PBXFileReference; fileEncoding = 4; lastKnownFileType = sourcecode.swift; path = ColorExtension.swift; sourceTree = "<group>"; };
		BB4C13922ADDA3F90062CC4D /* StringExtension.swift */ = {isa = PBXFileReference; fileEncoding = 4; lastKnownFileType = sourcecode.swift; path = StringExtension.swift; sourceTree = "<group>"; };
		BB4C13942ADDA4A80062CC4D /* PhotoCacheManager.swift */ = {isa = PBXFileReference; fileEncoding = 4; lastKnownFileType = sourcecode.swift; path = PhotoCacheManager.swift; sourceTree = "<group>"; };
		BB9B49152AD67BA600FC780C /* TestGlobe.app */ = {isa = PBXFileReference; explicitFileType = wrapper.application; includeInIndex = 0; path = TestGlobe.app; sourceTree = BUILT_PRODUCTS_DIR; };
		BB9B49192AD67BA600FC780C /* RealityKitContent */ = {isa = PBXFileReference; lastKnownFileType = wrapper; path = RealityKitContent; sourceTree = "<group>"; };
		BB9B491C2AD67BA600FC780C /* TestGlobeApp.swift */ = {isa = PBXFileReference; lastKnownFileType = sourcecode.swift; path = TestGlobeApp.swift; sourceTree = "<group>"; };
		BB9B491E2AD67BA600FC780C /* ContentView.swift */ = {isa = PBXFileReference; lastKnownFileType = sourcecode.swift; path = ContentView.swift; sourceTree = "<group>"; };
		BB9B49202AD67BA600FC780C /* ImmersiveView.swift */ = {isa = PBXFileReference; lastKnownFileType = sourcecode.swift; path = ImmersiveView.swift; sourceTree = "<group>"; };
		BB9B49222AD67BA600FC780C /* ImageBasedLighting.skybox */ = {isa = PBXFileReference; lastKnownFileType = file.skybox; path = ImageBasedLighting.skybox; sourceTree = "<group>"; };
		BB9B49242AD67BA700FC780C /* Assets.xcassets */ = {isa = PBXFileReference; lastKnownFileType = folder.assetcatalog; path = Assets.xcassets; sourceTree = "<group>"; };
		BB9B49272AD67BA700FC780C /* Preview Assets.xcassets */ = {isa = PBXFileReference; lastKnownFileType = folder.assetcatalog; path = "Preview Assets.xcassets"; sourceTree = "<group>"; };
		BB9B49292AD67BA700FC780C /* Info.plist */ = {isa = PBXFileReference; lastKnownFileType = text.plist.xml; path = Info.plist; sourceTree = "<group>"; };
/* End PBXFileReference section */

/* Begin PBXFrameworksBuildPhase section */
		BB9B49122AD67BA600FC780C /* Frameworks */ = {
			isa = PBXFrameworksBuildPhase;
			buildActionMask = 2147483647;
			files = (
				BB9B491B2AD67BA600FC780C /* RealityKitContent in Frameworks */,
			);
			runOnlyForDeploymentPostprocessing = 0;
		};
/* End PBXFrameworksBuildPhase section */

/* Begin PBXGroup section */
		BB4C137D2ADDA15E0062CC4D /* View */ = {
			isa = PBXGroup;
			children = (
				BB9B491E2AD67BA600FC780C /* ContentView.swift */,
				BB9B49202AD67BA600FC780C /* ImmersiveView.swift */,
				BB4C13792ADD96A50062CC4D /* SquarewaveBoardView.swift */,
				BB4C13812ADDA1F00062CC4D /* SquarewaveextraView.swift */,
				BB4C13882ADDA25D0062CC4D /* SimulationSubView.swift */,
				BB4C13872ADDA25D0062CC4D /* SimulationViewGestures.swift */,
			);
			path = View;
			sourceTree = "<group>";
		};
		BB4C137E2ADDA1750062CC4D /* Model */ = {
			isa = PBXGroup;
			children = (
				BB4C137F2ADDA1BD0062CC4D /* Usermodel.swift */,
				BB4C13942ADDA4A80062CC4D /* PhotoCacheManager.swift */,
				BB4C13832ADDA2120062CC4D /* ServercircuitModels.swift */,
			);
			path = Model;
			sourceTree = "<group>";
		};
		BB4C138F2ADDA3600062CC4D /* Extension */ = {
			isa = PBXGroup;
			children = (
				BB4C13902ADDA3920062CC4D /* ColorExtension.swift */,
				BB4C13922ADDA3F90062CC4D /* StringExtension.swift */,
			);
			path = Extension;
			sourceTree = "<group>";
		};
		BB9B490C2AD67BA600FC780C = {
			isa = PBXGroup;
			children = (
				BB4C137B2ADD990E0062CC4D /* Localizable.xcstrings */,
				BB9B49172AD67BA600FC780C /* TestGlobe */,
				BB9B49182AD67BA600FC780C /* Packages */,
				BB9B49162AD67BA600FC780C /* Products */,
			);
			sourceTree = "<group>";
		};
		BB9B49162AD67BA600FC780C /* Products */ = {
			isa = PBXGroup;
			children = (
				BB9B49152AD67BA600FC780C /* TestGlobe.app */,
			);
			name = Products;
			sourceTree = "<group>";
		};
		BB9B49172AD67BA600FC780C /* TestGlobe */ = {
			isa = PBXGroup;
			children = (
				BB9B491C2AD67BA600FC780C /* TestGlobeApp.swift */,
				BB4C137E2ADDA1750062CC4D /* Model */,
				BB4C137D2ADDA15E0062CC4D /* View */,
				BB4C138F2ADDA3600062CC4D /* Extension */,
				BB9B49222AD67BA600FC780C /* ImageBasedLighting.skybox */,
				BB9B49242AD67BA700FC780C /* Assets.xcassets */,
				BB9B49292AD67BA700FC780C /* Info.plist */,
				BB9B49262AD67BA700FC780C /* Preview Content */,
			);
			path = TestGlobe;
			sourceTree = "<group>";
		};
		BB9B49182AD67BA600FC780C /* Packages */ = {
			isa = PBXGroup;
			children = (
				BB9B49192AD67BA600FC780C /* RealityKitContent */,
			);
			path = Packages;
			sourceTree = "<group>";
		};
		BB9B49262AD67BA700FC780C /* Preview Content */ = {
			isa = PBXGroup;
			children = (
				BB9B49272AD67BA700FC780C /* Preview Assets.xcassets */,
			);
			path = "Preview Content";
			sourceTree = "<group>";
		};
/* End PBXGroup section */

/* Begin PBXNativeTarget section */
		BB9B49142AD67BA600FC780C /* TestGlobe */ = {
			isa = PBXNativeTarget;
			buildConfigurationList = BB9B492C2AD67BA700FC780C /* Build configuration list for PBXNativeTarget "TestGlobe" */;
			buildPhases = (
				BB9B49112AD67BA600FC780C /* Sources */,
				BB9B49122AD67BA600FC780C /* Frameworks */,
				BB9B49132AD67BA600FC780C /* Resources */,
			);
			buildRules = (
			);
			dependencies = (
			);
			name = TestGlobe;
			packageProductDependencies = (
				BB9B491A2AD67BA600FC780C /* RealityKitContent */,
			);
			productName = TestGlobe;
			productReference = BB9B49152AD67BA600FC780C /* TestGlobe.app */;
			productType = "com.apple.product-type.application";
		};
/* End PBXNativeTarget section */

/* Begin PBXProject section */
		BB9B490D2AD67BA600FC780C /* Project object */ = {
			isa = PBXProject;
			attributes = {
				BuildIndependentTargetsInParallel = 1;
				LastSwiftUpdateCheck = 1510;
				LastUpgradeCheck = 1510;
				TargetAttributes = {
					BB9B49142AD67BA600FC780C = {
						CreatedOnToolsVersion = 15.1;
					};
				};
			};
			buildConfigurationList = BB9B49102AD67BA600FC780C /* Build configuration list for PBXProject "TestGlobe" */;
			compatibilityVersion = "Xcode 14.0";
			developmentRegion = en;
			hasScannedForEncodings = 0;
			knownRegions = (
				en,
				Base,
				"zh-Hans",
			);
			mainGroup = BB9B490C2AD67BA600FC780C;
			productRefGroup = BB9B49162AD67BA600FC780C /* Products */;
			projectDirPath = "";
			projectRoot = "";
			targets = (
				BB9B49142AD67BA600FC780C /* TestGlobe */,
			);
		};
/* End PBXProject section */

/* Begin PBXResourcesBuildPhase section */
		BB9B49132AD67BA600FC780C /* Resources */ = {
			isa = PBXResourcesBuildPhase;
			buildActionMask = 2147483647;
			files = (
				BB9B49252AD67BA700FC780C /* Assets.xcassets in Resources */,
				BB9B49282AD67BA700FC780C /* Preview Assets.xcassets in Resources */,
				BB4C137C2ADD990E0062CC4D /* Localizable.xcstrings in Resources */,
				BB9B49232AD67BA600FC780C /* ImageBasedLighting.skybox in Resources */,
			);
			runOnlyForDeploymentPostprocessing = 0;
		};
/* End PBXResourcesBuildPhase section */

/* Begin PBXSourcesBuildPhase section */
		BB9B49112AD67BA600FC780C /* Sources */ = {
			isa = PBXSourcesBuildPhase;
			buildActionMask = 2147483647;
			files = (
				BB4C13842ADDA2120062CC4D /* ServercircuitModels.swift in Sources */,
				BB4C138A2ADDA25D0062CC4D /* SimulationViewGestures.swift in Sources */,
				BB9B491F2AD67BA600FC780C /* ContentView.swift in Sources */,
				BB9B491D2AD67BA600FC780C /* TestGlobeApp.swift in Sources */,
				BB9B49212AD67BA600FC780C /* ImmersiveView.swift in Sources */,
				BB4C13892ADDA25D0062CC4D /* SimulationSubView.swift in Sources */,
				BB4C13802ADDA1BD0062CC4D /* Usermodel.swift in Sources */,
				BB4C13952ADDA4A80062CC4D /* PhotoCacheManager.swift in Sources */,
				BB4C13932ADDA3F90062CC4D /* StringExtension.swift in Sources */,
				BB4C137A2ADD96A50062CC4D /* SquarewaveBoardView.swift in Sources */,
				BB4C13912ADDA3920062CC4D /* ColorExtension.swift in Sources */,
				BB4C13822ADDA1F00062CC4D /* SquarewaveextraView.swift in Sources */,
			);
			runOnlyForDeploymentPostprocessing = 0;
		};
/* End PBXSourcesBuildPhase section */

/* Begin XCBuildConfiguration section */
		BB9B492A2AD67BA700FC780C /* Debug */ = {
			isa = XCBuildConfiguration;
			buildSettings = {
				ALWAYS_SEARCH_USER_PATHS = NO;
				ASSETCATALOG_COMPILER_GENERATE_SWIFT_ASSET_SYMBOL_EXTENSIONS = YES;
				CLANG_ANALYZER_NONNULL = YES;
				CLANG_ANALYZER_NUMBER_OBJECT_CONVERSION = YES_AGGRESSIVE;
				CLANG_CXX_LANGUAGE_STANDARD = "gnu++20";
				CLANG_ENABLE_MODULES = YES;
				CLANG_ENABLE_OBJC_ARC = YES;
				CLANG_ENABLE_OBJC_WEAK = YES;
				CLANG_WARN_BLOCK_CAPTURE_AUTORELEASING = YES;
				CLANG_WARN_BOOL_CONVERSION = YES;
				CLANG_WARN_COMMA = YES;
				CLANG_WARN_CONSTANT_CONVERSION = YES;
				CLANG_WARN_DEPRECATED_OBJC_IMPLEMENTATIONS = YES;
				CLANG_WARN_DIRECT_OBJC_ISA_USAGE = YES_ERROR;
				CLANG_WARN_DOCUMENTATION_COMMENTS = YES;
				CLANG_WARN_EMPTY_BODY = YES;
				CLANG_WARN_ENUM_CONVERSION = YES;
				CLANG_WARN_INFINITE_RECURSION = YES;
				CLANG_WARN_INT_CONVERSION = YES;
				CLANG_WARN_NON_LITERAL_NULL_CONVERSION = YES;
				CLANG_WARN_OBJC_IMPLICIT_RETAIN_SELF = YES;
				CLANG_WARN_OBJC_LITERAL_CONVERSION = YES;
				CLANG_WARN_OBJC_ROOT_CLASS = YES_ERROR;
				CLANG_WARN_QUOTED_INCLUDE_IN_FRAMEWORK_HEADER = YES;
				CLANG_WARN_RANGE_LOOP_ANALYSIS = YES;
				CLANG_WARN_STRICT_PROTOTYPES = YES;
				CLANG_WARN_SUSPICIOUS_MOVE = YES;
				CLANG_WARN_UNGUARDED_AVAILABILITY = YES_AGGRESSIVE;
				CLANG_WARN_UNREACHABLE_CODE = YES;
				CLANG_WARN__DUPLICATE_METHOD_MATCH = YES;
				COPY_PHASE_STRIP = NO;
				DEBUG_INFORMATION_FORMAT = dwarf;
				ENABLE_STRICT_OBJC_MSGSEND = YES;
				ENABLE_TESTABILITY = YES;
				ENABLE_USER_SCRIPT_SANDBOXING = YES;
				GCC_C_LANGUAGE_STANDARD = gnu17;
				GCC_DYNAMIC_NO_PIC = NO;
				GCC_NO_COMMON_BLOCKS = YES;
				GCC_OPTIMIZATION_LEVEL = 0;
				GCC_PREPROCESSOR_DEFINITIONS = (
					"DEBUG=1",
					"$(inherited)",
				);
				GCC_WARN_64_TO_32_BIT_CONVERSION = YES;
				GCC_WARN_ABOUT_RETURN_TYPE = YES_ERROR;
				GCC_WARN_UNDECLARED_SELECTOR = YES;
				GCC_WARN_UNINITIALIZED_AUTOS = YES_AGGRESSIVE;
				GCC_WARN_UNUSED_FUNCTION = YES;
				GCC_WARN_UNUSED_VARIABLE = YES;
				LOCALIZATION_PREFERS_STRING_CATALOGS = YES;
				MTL_ENABLE_DEBUG_INFO = INCLUDE_SOURCE;
				MTL_FAST_MATH = YES;
				ONLY_ACTIVE_ARCH = YES;
				SDKROOT = xros;
				SWIFT_ACTIVE_COMPILATION_CONDITIONS = "DEBUG $(inherited)";
				SWIFT_OPTIMIZATION_LEVEL = "-Onone";
				XROS_DEPLOYMENT_TARGET = 1.0;
			};
			name = Debug;
		};
		BB9B492B2AD67BA700FC780C /* Release */ = {
			isa = XCBuildConfiguration;
			buildSettings = {
				ALWAYS_SEARCH_USER_PATHS = NO;
				ASSETCATALOG_COMPILER_GENERATE_SWIFT_ASSET_SYMBOL_EXTENSIONS = YES;
				CLANG_ANALYZER_NONNULL = YES;
				CLANG_ANALYZER_NUMBER_OBJECT_CONVERSION = YES_AGGRESSIVE;
				CLANG_CXX_LANGUAGE_STANDARD = "gnu++20";
				CLANG_ENABLE_MODULES = YES;
				CLANG_ENABLE_OBJC_ARC = YES;
				CLANG_ENABLE_OBJC_WEAK = YES;
				CLANG_WARN_BLOCK_CAPTURE_AUTORELEASING = YES;
				CLANG_WARN_BOOL_CONVERSION = YES;
				CLANG_WARN_COMMA = YES;
				CLANG_WARN_CONSTANT_CONVERSION = YES;
				CLANG_WARN_DEPRECATED_OBJC_IMPLEMENTATIONS = YES;
				CLANG_WARN_DIRECT_OBJC_ISA_USAGE = YES_ERROR;
				CLANG_WARN_DOCUMENTATION_COMMENTS = YES;
				CLANG_WARN_EMPTY_BODY = YES;
				CLANG_WARN_ENUM_CONVERSION = YES;
				CLANG_WARN_INFINITE_RECURSION = YES;
				CLANG_WARN_INT_CONVERSION = YES;
				CLANG_WARN_NON_LITERAL_NULL_CONVERSION = YES;
				CLANG_WARN_OBJC_IMPLICIT_RETAIN_SELF = YES;
				CLANG_WARN_OBJC_LITERAL_CONVERSION = YES;
				CLANG_WARN_OBJC_ROOT_CLASS = YES_ERROR;
				CLANG_WARN_QUOTED_INCLUDE_IN_FRAMEWORK_HEADER = YES;
				CLANG_WARN_RANGE_LOOP_ANALYSIS = YES;
				CLANG_WARN_STRICT_PROTOTYPES = YES;
				CLANG_WARN_SUSPICIOUS_MOVE = YES;
				CLANG_WARN_UNGUARDED_AVAILABILITY = YES_AGGRESSIVE;
				CLANG_WARN_UNREACHABLE_CODE = YES;
				CLANG_WARN__DUPLICATE_METHOD_MATCH = YES;
				COPY_PHASE_STRIP = NO;
				DEBUG_INFORMATION_FORMAT = "dwarf-with-dsym";
				ENABLE_NS_ASSERTIONS = NO;
				ENABLE_STRICT_OBJC_MSGSEND = YES;
				ENABLE_USER_SCRIPT_SANDBOXING = YES;
				GCC_C_LANGUAGE_STANDARD = gnu17;
				GCC_NO_COMMON_BLOCKS = YES;
				GCC_WARN_64_TO_32_BIT_CONVERSION = YES;
				GCC_WARN_ABOUT_RETURN_TYPE = YES_ERROR;
				GCC_WARN_UNDECLARED_SELECTOR = YES;
				GCC_WARN_UNINITIALIZED_AUTOS = YES_AGGRESSIVE;
				GCC_WARN_UNUSED_FUNCTION = YES;
				GCC_WARN_UNUSED_VARIABLE = YES;
				LOCALIZATION_PREFERS_STRING_CATALOGS = YES;
				MTL_ENABLE_DEBUG_INFO = NO;
				MTL_FAST_MATH = YES;
				SDKROOT = xros;
				SWIFT_COMPILATION_MODE = wholemodule;
				VALIDATE_PRODUCT = YES;
				XROS_DEPLOYMENT_TARGET = 1.0;
			};
			name = Release;
		};
		BB9B492D2AD67BA700FC780C /* Debug */ = {
			isa = XCBuildConfiguration;
			buildSettings = {
				ASSETCATALOG_COMPILER_APPICON_NAME = AppIcon;
				ASSETCATALOG_COMPILER_GLOBAL_ACCENT_COLOR_NAME = AccentColor;
				CODE_SIGN_STYLE = Automatic;
				CURRENT_PROJECT_VERSION = 1;
				DEVELOPMENT_ASSET_PATHS = "\"TestGlobe/Preview Content\"";
				DEVELOPMENT_TEAM = V9DLXCX7ZK;
				ENABLE_PREVIEWS = YES;
				GENERATE_INFOPLIST_FILE = YES;
				INFOPLIST_FILE = "$(TARGET_NAME)/Info.plist";
				LD_RUNPATH_SEARCH_PATHS = (
					"$(inherited)",
					"@executable_path/Frameworks",
				);
				MARKETING_VERSION = 1.0;
				PRODUCT_BUNDLE_IDENTIFIER = com.hhxhans.TestGlobe;
				PRODUCT_NAME = "$(TARGET_NAME)";
				SUPPORTED_PLATFORMS = "xros xrsimulator";
				SWIFT_EMIT_LOC_STRINGS = YES;
				SWIFT_VERSION = 5.0;
				TARGETED_DEVICE_FAMILY = "1,2,7";
			};
			name = Debug;
		};
		BB9B492E2AD67BA700FC780C /* Release */ = {
			isa = XCBuildConfiguration;
			buildSettings = {
				ASSETCATALOG_COMPILER_APPICON_NAME = AppIcon;
				ASSETCATALOG_COMPILER_GLOBAL_ACCENT_COLOR_NAME = AccentColor;
				CODE_SIGN_STYLE = Automatic;
				CURRENT_PROJECT_VERSION = 1;
				DEVELOPMENT_ASSET_PATHS = "\"TestGlobe/Preview Content\"";
				DEVELOPMENT_TEAM = V9DLXCX7ZK;
				ENABLE_PREVIEWS = YES;
				GENERATE_INFOPLIST_FILE = YES;
				INFOPLIST_FILE = "$(TARGET_NAME)/Info.plist";
				LD_RUNPATH_SEARCH_PATHS = (
					"$(inherited)",
					"@executable_path/Frameworks",
				);
				MARKETING_VERSION = 1.0;
				PRODUCT_BUNDLE_IDENTIFIER = com.hhxhans.TestGlobe;
				PRODUCT_NAME = "$(TARGET_NAME)";
				SUPPORTED_PLATFORMS = "xros xrsimulator";
				SWIFT_EMIT_LOC_STRINGS = YES;
				SWIFT_VERSION = 5.0;
				TARGETED_DEVICE_FAMILY = "1,2,7";
			};
			name = Release;
		};
/* End XCBuildConfiguration section */

/* Begin XCConfigurationList section */
		BB9B49102AD67BA600FC780C /* Build configuration list for PBXProject "TestGlobe" */ = {
			isa = XCConfigurationList;
			buildConfigurations = (
				BB9B492A2AD67BA700FC780C /* Debug */,
				BB9B492B2AD67BA700FC780C /* Release */,
			);
			defaultConfigurationIsVisible = 0;
			defaultConfigurationName = Release;
		};
		BB9B492C2AD67BA700FC780C /* Build configuration list for PBXNativeTarget "TestGlobe" */ = {
			isa = XCConfigurationList;
			buildConfigurations = (
				BB9B492D2AD67BA700FC780C /* Debug */,
				BB9B492E2AD67BA700FC780C /* Release */,
			);
			defaultConfigurationIsVisible = 0;
			defaultConfigurationName = Release;
		};
/* End XCConfigurationList section */

/* Begin XCSwiftPackageProductDependency section */
		BB9B491A2AD67BA600FC780C /* RealityKitContent */ = {
			isa = XCSwiftPackageProductDependency;
			productName = RealityKitContent;
		};
/* End XCSwiftPackageProductDependency section */
	};
	rootObject = BB9B490D2AD67BA600FC780C /* Project object */;
}
